PODS:
  - DATAStack (8.0.2)
  - ObjectMapper (3.4.2)
  - RxSwift (5.0.0)
  - SwiftyJSON (5.0.0)

DEPENDENCIES:
  - DATAStack
  - ObjectMapper
  - RxSwift
  - SwiftyJSON

SPEC REPOS:
  https://github.com/cocoapods/specs.git:
    - DATAStack
    - ObjectMapper
    - RxSwift
    - SwiftyJSON

SPEC CHECKSUMS:
  DATAStack: 9c415f6e7733eafb9cf5c076613bfb5958c407cb
  ObjectMapper: 0d4402610f4e468903ae64629eec4784531e5c51
  RxSwift: 8b0671caa829a763bbce7271095859121cbd895f
  SwiftyJSON: 36413e04c44ee145039d332b4f4e2d3e8d6c4db7

PODFILE CHECKSUM: 1b7ddcb411bdce1c868f941c2d8172acce5fe234

COCOAPODS: 1.5.3
