PODS:
  - DATAStack (8.0.1)
  - DBUtils (0.1.0):
    - DBUtils/Utils (= 0.1.0)
  - DBUtils/EntityMapper (0.1.0)
  - DBUtils/JsonEntityExporter (0.1.0)
  - DBUtils/Utils (0.1.0):
    - DBUtils/EntityMapper
    - DBUtils/JsonEntityExporter

DEPENDENCIES:
  - DATAStack
  - DBUtils (from `.`)

EXTERNAL SOURCES:
  DBUtils:
    :path: .

SPEC CHECKSUMS:
  DATAStack: 743c6f0f06a8141c2d42b31f293ba3a056a7d4ba
  DBUtils: 6fee4549ba8487b800da3b124c267873edbafb13

PODFILE CHECKSUM: 2a4930a88800d9d9e0a455ebd03d63e478515812

COCOAPODS: 1.3.1
