// !$*UTF8*$!
{
	archiveVersion = 1;
	classes = {
	};
	objectVersion = 48;
	objects = {

/* Begin PBXBuildFile section */
		E804E2311FBEB086007F7DF2 /* AppDelegate.swift in Sources */ = {isa = PBXBuildFile; fileRef = E804E2301FBEB086007F7DF2 /* AppDelegate.swift */; };
		E804E2331FBEB086007F7DF2 /* ViewController.swift in Sources */ = {isa = PBXBuildFile; fileRef = E804E2321FBEB086007F7DF2 /* ViewController.swift */; };
		E804E2361FBEB086007F7DF2 /* Main.storyboard in Resources */ = {isa = PBXBuildFile; fileRef = E804E2341FBEB086007F7DF2 /* Main.storyboard */; };
		E804E2381FBEB086007F7DF2 /* Assets.xcassets in Resources */ = {isa = PBXBuildFile; fileRef = E804E2371FBEB086007F7DF2 /* Assets.xcassets */; };
		E804E23B1FBEB086007F7DF2 /* LaunchScreen.storyboard in Resources */ = {isa = PBXBuildFile; fileRef = E804E2391FBEB086007F7DF2 /* LaunchScreen.storyboard */; };
		E804E2461FBEB086007F7DF2 /* EntitySerializationTests.swift in Sources */ = {isa = PBXBuildFile; fileRef = E804E2451FBEB086007F7DF2 /* EntitySerializationTests.swift */; };
		E804E2601FBEBE60007F7DF2 /* db.xcdatamodeld in Sources */ = {isa = PBXBuildFile; fileRef = E804E25A1FBEBE60007F7DF2 /* db.xcdatamodeld */; };
		E804E2631FBEBE60007F7DF2 /* AbilityEntity+Additions.swift in Sources */ = {isa = PBXBuildFile; fileRef = E804E25E1FBEBE60007F7DF2 /* AbilityEntity+Additions.swift */; };
		E804E26C1FBEEBE8007F7DF2 /* InfoEntity+Additions.swift in Sources */ = {isa = PBXBuildFile; fileRef = E804E26B1FBEEBE8007F7DF2 /* InfoEntity+Additions.swift */; };
		E804E26E1FBEF1E7007F7DF2 /* Atlantis.swift in Sources */ = {isa = PBXBuildFile; fileRef = E804E26D1FBEF1E6007F7DF2 /* Atlantis.swift */; };
		F2E909993CCFF01D8E61AD20 /* Pods_EntitySerialization.framework in Frameworks */ = {isa = PBXBuildFile; fileRef = 4C0C3215FF19D71CBBBA14FA /* Pods_EntitySerialization.framework */; };
		FB54240D20B579FF0081399C /* EntityMapper.swift in Sources */ = {isa = PBXBuildFile; fileRef = FB5423E620B579FF0081399C /* EntityMapper.swift */; };
		FB54240E20B579FF0081399C /* NSManageObjectContext+Ext.swift in Sources */ = {isa = PBXBuildFile; fileRef = FB5423E720B579FF0081399C /* NSManageObjectContext+Ext.swift */; };
		FB54240F20B579FF0081399C /* EntityExporter.swift in Sources */ = {isa = PBXBuildFile; fileRef = FB5423E820B579FF0081399C /* EntityExporter.swift */; };
		FB54241020B579FF0081399C /* NSEntityDescription+Ext.swift in Sources */ = {isa = PBXBuildFile; fileRef = FB5423E920B579FF0081399C /* NSEntityDescription+Ext.swift */; };
		FB54241120B579FF0081399C /* UITableView+Additions.swift in Sources */ = {isa = PBXBuildFile; fileRef = FB5423ED20B579FF0081399C /* UITableView+Additions.swift */; };
		FB54241220B579FF0081399C /* CellIdentifiable.swift in Sources */ = {isa = PBXBuildFile; fileRef = FB5423EE20B579FF0081399C /* CellIdentifiable.swift */; };
		FB54241320B579FF0081399C /* JSONReader.swift in Sources */ = {isa = PBXBuildFile; fileRef = FB5423F020B579FF0081399C /* JSONReader.swift */; };
		FB54241420B579FF0081399C /* FileReader.swift in Sources */ = {isa = PBXBuildFile; fileRef = FB5423F220B579FF0081399C /* FileReader.swift */; };
		FB54241520B579FF0081399C /* Date+Ext.swift in Sources */ = {isa = PBXBuildFile; fileRef = FB5423F520B579FF0081399C /* Date+Ext.swift */; };
		FB54241620B579FF0081399C /* Formatter+Additions.swift in Sources */ = {isa = PBXBuildFile; fileRef = FB5423F720B579FF0081399C /* Formatter+Additions.swift */; };
		FB54241720B579FF0081399C /* Dictionary+Ext.swift in Sources */ = {isa = PBXBuildFile; fileRef = FB5423F920B579FF0081399C /* Dictionary+Ext.swift */; };
		FB54241820B579FF0081399C /* Dictionary+Additions.swift in Sources */ = {isa = PBXBuildFile; fileRef = FB5423FA20B579FF0081399C /* Dictionary+Additions.swift */; };
		FB54241920B579FF0081399C /* UIView+XibDesignable.swift in Sources */ = {isa = PBXBuildFile; fileRef = FB5423FC20B579FF0081399C /* UIView+XibDesignable.swift */; };
		FB54241A20B579FF0081399C /* Observable+Mapper.swift in Sources */ = {isa = PBXBuildFile; fileRef = FB5423FE20B579FF0081399C /* Observable+Mapper.swift */; };
		FB54241B20B579FF0081399C /* Observable+Operators.swift in Sources */ = {isa = PBXBuildFile; fileRef = FB5423FF20B579FF0081399C /* Observable+Operators.swift */; };
		FB54241C20B579FF0081399C /* String+Ext.swift in Sources */ = {isa = PBXBuildFile; fileRef = FB54240120B579FF0081399C /* String+Ext.swift */; };
		FB54241D20B579FF0081399C /* Data+Additional.swift in Sources */ = {isa = PBXBuildFile; fileRef = FB54240320B579FF0081399C /* Data+Additional.swift */; };
		FB54241E20B579FF0081399C /* Error+Additions.swift in Sources */ = {isa = PBXBuildFile; fileRef = FB54240520B579FF0081399C /* Error+Additions.swift */; };
		FB54241F20B579FF0081399C /* Aliases.swift in Sources */ = {isa = PBXBuildFile; fileRef = FB54240720B579FF0081399C /* Aliases.swift */; };
		FB54242020B579FF0081399C /* ALSchedulers.swift in Sources */ = {isa = PBXBuildFile; fileRef = FB54240820B579FF0081399C /* ALSchedulers.swift */; };
		FB54242120B579FF0081399C /* AsyncOperation.swift in Sources */ = {isa = PBXBuildFile; fileRef = FB54240920B579FF0081399C /* AsyncOperation.swift */; };
		FB54242220B579FF0081399C /* CoredataProvider.swift in Sources */ = {isa = PBXBuildFile; fileRef = FB54240B20B579FF0081399C /* CoredataProvider.swift */; };
		FB54242320B579FF0081399C /* SyncOperations.swift in Sources */ = {isa = PBXBuildFile; fileRef = FB54240C20B579FF0081399C /* SyncOperations.swift */; };
/* End PBXBuildFile section */

/* Begin PBXContainerItemProxy section */
		E804E2421FBEB086007F7DF2 /* PBXContainerItemProxy */ = {
			isa = PBXContainerItemProxy;
			containerPortal = E804E2251FBEB086007F7DF2 /* Project object */;
			proxyType = 1;
			remoteGlobalIDString = E804E22C1FBEB086007F7DF2;
			remoteInfo = EntitySerialization;
		};
/* End PBXContainerItemProxy section */

/* Begin PBXFileReference section */
		4C0C3215FF19D71CBBBA14FA /* Pods_EntitySerialization.framework */ = {isa = PBXFileReference; explicitFileType = wrapper.framework; includeInIndex = 0; path = Pods_EntitySerialization.framework; sourceTree = BUILT_PRODUCTS_DIR; };
		8A3AB95A1136D6C88148015D /* Pods-EntitySerialization.debug.xcconfig */ = {isa = PBXFileReference; includeInIndex = 1; lastKnownFileType = text.xcconfig; name = "Pods-EntitySerialization.debug.xcconfig"; path = "Pods/Target Support Files/Pods-EntitySerialization/Pods-EntitySerialization.debug.xcconfig"; sourceTree = "<group>"; };
		C338F156DF82BCDCDD556451 /* Pods-EntitySerialization.release.xcconfig */ = {isa = PBXFileReference; includeInIndex = 1; lastKnownFileType = text.xcconfig; name = "Pods-EntitySerialization.release.xcconfig"; path = "Pods/Target Support Files/Pods-EntitySerialization/Pods-EntitySerialization.release.xcconfig"; sourceTree = "<group>"; };
		E804E22D1FBEB086007F7DF2 /* EntitySerialization.app */ = {isa = PBXFileReference; explicitFileType = wrapper.application; includeInIndex = 0; path = EntitySerialization.app; sourceTree = BUILT_PRODUCTS_DIR; };
		E804E2301FBEB086007F7DF2 /* AppDelegate.swift */ = {isa = PBXFileReference; lastKnownFileType = sourcecode.swift; path = AppDelegate.swift; sourceTree = "<group>"; };
		E804E2321FBEB086007F7DF2 /* ViewController.swift */ = {isa = PBXFileReference; lastKnownFileType = sourcecode.swift; path = ViewController.swift; sourceTree = "<group>"; };
		E804E2351FBEB086007F7DF2 /* Base */ = {isa = PBXFileReference; lastKnownFileType = file.storyboard; name = Base; path = Base.lproj/Main.storyboard; sourceTree = "<group>"; };
		E804E2371FBEB086007F7DF2 /* Assets.xcassets */ = {isa = PBXFileReference; lastKnownFileType = folder.assetcatalog; path = Assets.xcassets; sourceTree = "<group>"; };
		E804E23A1FBEB086007F7DF2 /* Base */ = {isa = PBXFileReference; lastKnownFileType = file.storyboard; name = Base; path = Base.lproj/LaunchScreen.storyboard; sourceTree = "<group>"; };
		E804E23C1FBEB086007F7DF2 /* Info.plist */ = {isa = PBXFileReference; lastKnownFileType = text.plist.xml; path = Info.plist; sourceTree = "<group>"; };
		E804E2411FBEB086007F7DF2 /* EntitySerializationTests.xctest */ = {isa = PBXFileReference; explicitFileType = wrapper.cfbundle; includeInIndex = 0; path = EntitySerializationTests.xctest; sourceTree = BUILT_PRODUCTS_DIR; };
		E804E2451FBEB086007F7DF2 /* EntitySerializationTests.swift */ = {isa = PBXFileReference; lastKnownFileType = sourcecode.swift; path = EntitySerializationTests.swift; sourceTree = "<group>"; };
		E804E2471FBEB086007F7DF2 /* Info.plist */ = {isa = PBXFileReference; lastKnownFileType = text.plist.xml; path = Info.plist; sourceTree = "<group>"; };
		E804E25B1FBEBE60007F7DF2 /* DatabaseSyncRx.xcdatamodel */ = {isa = PBXFileReference; lastKnownFileType = wrapper.xcdatamodel; path = DatabaseSyncRx.xcdatamodel; sourceTree = "<group>"; };
		E804E25E1FBEBE60007F7DF2 /* AbilityEntity+Additions.swift */ = {isa = PBXFileReference; fileEncoding = 4; lastKnownFileType = sourcecode.swift; path = "AbilityEntity+Additions.swift"; sourceTree = "<group>"; };
		E804E26B1FBEEBE8007F7DF2 /* InfoEntity+Additions.swift */ = {isa = PBXFileReference; lastKnownFileType = sourcecode.swift; path = "InfoEntity+Additions.swift"; sourceTree = "<group>"; };
		E804E26D1FBEF1E6007F7DF2 /* Atlantis.swift */ = {isa = PBXFileReference; fileEncoding = 4; lastKnownFileType = sourcecode.swift; path = Atlantis.swift; sourceTree = "<group>"; };
		FB5423E620B579FF0081399C /* EntityMapper.swift */ = {isa = PBXFileReference; fileEncoding = 4; lastKnownFileType = sourcecode.swift; path = EntityMapper.swift; sourceTree = "<group>"; };
		FB5423E720B579FF0081399C /* NSManageObjectContext+Ext.swift */ = {isa = PBXFileReference; fileEncoding = 4; lastKnownFileType = sourcecode.swift; path = "NSManageObjectContext+Ext.swift"; sourceTree = "<group>"; };
		FB5423E820B579FF0081399C /* EntityExporter.swift */ = {isa = PBXFileReference; fileEncoding = 4; lastKnownFileType = sourcecode.swift; path = EntityExporter.swift; sourceTree = "<group>"; };
		FB5423E920B579FF0081399C /* NSEntityDescription+Ext.swift */ = {isa = PBXFileReference; fileEncoding = 4; lastKnownFileType = sourcecode.swift; path = "NSEntityDescription+Ext.swift"; sourceTree = "<group>"; };
		FB5423ED20B579FF0081399C /* UITableView+Additions.swift */ = {isa = PBXFileReference; fileEncoding = 4; lastKnownFileType = sourcecode.swift; path = "UITableView+Additions.swift"; sourceTree = "<group>"; };
		FB5423EE20B579FF0081399C /* CellIdentifiable.swift */ = {isa = PBXFileReference; fileEncoding = 4; lastKnownFileType = sourcecode.swift; path = CellIdentifiable.swift; sourceTree = "<group>"; };
		FB5423F020B579FF0081399C /* JSONReader.swift */ = {isa = PBXFileReference; fileEncoding = 4; lastKnownFileType = sourcecode.swift; path = JSONReader.swift; sourceTree = "<group>"; };
		FB5423F220B579FF0081399C /* FileReader.swift */ = {isa = PBXFileReference; fileEncoding = 4; lastKnownFileType = sourcecode.swift; path = FileReader.swift; sourceTree = "<group>"; };
		FB5423F520B579FF0081399C /* Date+Ext.swift */ = {isa = PBXFileReference; fileEncoding = 4; lastKnownFileType = sourcecode.swift; path = "Date+Ext.swift"; sourceTree = "<group>"; };
		FB5423F720B579FF0081399C /* Formatter+Additions.swift */ = {isa = PBXFileReference; fileEncoding = 4; lastKnownFileType = sourcecode.swift; path = "Formatter+Additions.swift"; sourceTree = "<group>"; };
		FB5423F920B579FF0081399C /* Dictionary+Ext.swift */ = {isa = PBXFileReference; fileEncoding = 4; lastKnownFileType = sourcecode.swift; path = "Dictionary+Ext.swift"; sourceTree = "<group>"; };
		FB5423FA20B579FF0081399C /* Dictionary+Additions.swift */ = {isa = PBXFileReference; fileEncoding = 4; lastKnownFileType = sourcecode.swift; path = "Dictionary+Additions.swift"; sourceTree = "<group>"; };
		FB5423FC20B579FF0081399C /* UIView+XibDesignable.swift */ = {isa = PBXFileReference; fileEncoding = 4; lastKnownFileType = sourcecode.swift; path = "UIView+XibDesignable.swift"; sourceTree = "<group>"; };
		FB5423FE20B579FF0081399C /* Observable+Mapper.swift */ = {isa = PBXFileReference; fileEncoding = 4; lastKnownFileType = sourcecode.swift; path = "Observable+Mapper.swift"; sourceTree = "<group>"; };
		FB5423FF20B579FF0081399C /* Observable+Operators.swift */ = {isa = PBXFileReference; fileEncoding = 4; lastKnownFileType = sourcecode.swift; path = "Observable+Operators.swift"; sourceTree = "<group>"; };
		FB54240120B579FF0081399C /* String+Ext.swift */ = {isa = PBXFileReference; fileEncoding = 4; lastKnownFileType = sourcecode.swift; path = "String+Ext.swift"; sourceTree = "<group>"; };
		FB54240320B579FF0081399C /* Data+Additional.swift */ = {isa = PBXFileReference; fileEncoding = 4; lastKnownFileType = sourcecode.swift; path = "Data+Additional.swift"; sourceTree = "<group>"; };
		FB54240520B579FF0081399C /* Error+Additions.swift */ = {isa = PBXFileReference; fileEncoding = 4; lastKnownFileType = sourcecode.swift; path = "Error+Additions.swift"; sourceTree = "<group>"; };
		FB54240720B579FF0081399C /* Aliases.swift */ = {isa = PBXFileReference; fileEncoding = 4; lastKnownFileType = sourcecode.swift; path = Aliases.swift; sourceTree = "<group>"; };
		FB54240820B579FF0081399C /* ALSchedulers.swift */ = {isa = PBXFileReference; fileEncoding = 4; lastKnownFileType = sourcecode.swift; path = ALSchedulers.swift; sourceTree = "<group>"; };
		FB54240920B579FF0081399C /* AsyncOperation.swift */ = {isa = PBXFileReference; fileEncoding = 4; lastKnownFileType = sourcecode.swift; path = AsyncOperation.swift; sourceTree = "<group>"; };
		FB54240B20B579FF0081399C /* CoredataProvider.swift */ = {isa = PBXFileReference; fileEncoding = 4; lastKnownFileType = sourcecode.swift; path = CoredataProvider.swift; sourceTree = "<group>"; };
		FB54240C20B579FF0081399C /* SyncOperations.swift */ = {isa = PBXFileReference; fileEncoding = 4; lastKnownFileType = sourcecode.swift; path = SyncOperations.swift; sourceTree = "<group>"; };
/* End PBXFileReference section */

/* Begin PBXFrameworksBuildPhase section */
		E804E22A1FBEB086007F7DF2 /* Frameworks */ = {
			isa = PBXFrameworksBuildPhase;
			buildActionMask = 2147483647;
			files = (
				F2E909993CCFF01D8E61AD20 /* Pods_EntitySerialization.framework in Frameworks */,
			);
			runOnlyForDeploymentPostprocessing = 0;
		};
		E804E23E1FBEB086007F7DF2 /* Frameworks */ = {
			isa = PBXFrameworksBuildPhase;
			buildActionMask = 2147483647;
			files = (
			);
			runOnlyForDeploymentPostprocessing = 0;
		};
/* End PBXFrameworksBuildPhase section */

/* Begin PBXGroup section */
		07C2199B46FC914144D715FC /* Pods */ = {
			isa = PBXGroup;
			children = (
				8A3AB95A1136D6C88148015D /* Pods-EntitySerialization.debug.xcconfig */,
				C338F156DF82BCDCDD556451 /* Pods-EntitySerialization.release.xcconfig */,
			);
			name = Pods;
			sourceTree = "<group>";
		};
		739649042ADDF99DBB4E9F84 /* Frameworks */ = {
			isa = PBXGroup;
			children = (
				4C0C3215FF19D71CBBBA14FA /* Pods_EntitySerialization.framework */,
			);
			name = Frameworks;
			sourceTree = "<group>";
		};
		E804E2241FBEB086007F7DF2 = {
			isa = PBXGroup;
			children = (
				E899B9451FD5B13B00FAEB1B /* Sources */,
				E804E22F1FBEB086007F7DF2 /* EntitySerialization */,
				E804E2441FBEB086007F7DF2 /* EntitySerializationTests */,
				E804E22E1FBEB086007F7DF2 /* Products */,
				07C2199B46FC914144D715FC /* Pods */,
				739649042ADDF99DBB4E9F84 /* Frameworks */,
			);
			sourceTree = "<group>";
		};
		E804E22E1FBEB086007F7DF2 /* Products */ = {
			isa = PBXGroup;
			children = (
				E804E22D1FBEB086007F7DF2 /* EntitySerialization.app */,
				E804E2411FBEB086007F7DF2 /* EntitySerializationTests.xctest */,
			);
			name = Products;
			sourceTree = "<group>";
		};
		E804E22F1FBEB086007F7DF2 /* EntitySerialization */ = {
			isa = PBXGroup;
			children = (
				E804E2301FBEB086007F7DF2 /* AppDelegate.swift */,
				E804E2321FBEB086007F7DF2 /* ViewController.swift */,
				E804E26D1FBEF1E6007F7DF2 /* Atlantis.swift */,
				E804E2591FBEBE60007F7DF2 /* coredata */,
				E804E2341FBEB086007F7DF2 /* Main.storyboard */,
				E804E2371FBEB086007F7DF2 /* Assets.xcassets */,
				E804E2391FBEB086007F7DF2 /* LaunchScreen.storyboard */,
				E804E23C1FBEB086007F7DF2 /* Info.plist */,
			);
			path = EntitySerialization;
			sourceTree = "<group>";
		};
		E804E2441FBEB086007F7DF2 /* EntitySerializationTests */ = {
			isa = PBXGroup;
			children = (
				E804E2451FBEB086007F7DF2 /* EntitySerializationTests.swift */,
				E804E2471FBEB086007F7DF2 /* Info.plist */,
			);
			path = EntitySerializationTests;
			sourceTree = "<group>";
		};
		E804E2591FBEBE60007F7DF2 /* coredata */ = {
			isa = PBXGroup;
			children = (
				E804E25A1FBEBE60007F7DF2 /* db.xcdatamodeld */,
				E804E25E1FBEBE60007F7DF2 /* AbilityEntity+Additions.swift */,
				E804E26B1FBEEBE8007F7DF2 /* InfoEntity+Additions.swift */,
			);
			path = coredata;
			sourceTree = SOURCE_ROOT;
		};
		E899B9451FD5B13B00FAEB1B /* Sources */ = {
			isa = PBXGroup;
			children = (
				FB54240A20B579FF0081399C /* coredataProvider */,
				FB5423E420B579FF0081399C /* dbutils */,
				FB5423EA20B579FF0081399C /* usefull */,
			);
			path = Sources;
			sourceTree = "<group>";
		};
		FB5423E420B579FF0081399C /* dbutils */ = {
			isa = PBXGroup;
			children = (
				FB5423E520B579FF0081399C /* entityMapper */,
			);
			path = dbutils;
			sourceTree = "<group>";
		};
		FB5423E520B579FF0081399C /* entityMapper */ = {
			isa = PBXGroup;
			children = (
				FB5423E620B579FF0081399C /* EntityMapper.swift */,
				FB5423E820B579FF0081399C /* EntityExporter.swift */,
				FB5423E720B579FF0081399C /* NSManageObjectContext+Ext.swift */,
				FB5423E920B579FF0081399C /* NSEntityDescription+Ext.swift */,
			);
			path = entityMapper;
			sourceTree = "<group>";
		};
		FB5423EA20B579FF0081399C /* usefull */ = {
			isa = PBXGroup;
			children = (
				FB5423EB20B579FF0081399C /* utils */,
				FB5423F320B579FF0081399C /* extensions */,
				FB54240620B579FF0081399C /* common */,
			);
			path = usefull;
			sourceTree = "<group>";
		};
		FB5423EB20B579FF0081399C /* utils */ = {
			isa = PBXGroup;
			children = (
				FB5423EC20B579FF0081399C /* tableview */,
				FB5423EF20B579FF0081399C /* JSONReader */,
				FB5423F120B579FF0081399C /* FileReader */,
			);
			path = utils;
			sourceTree = "<group>";
		};
		FB5423EC20B579FF0081399C /* tableview */ = {
			isa = PBXGroup;
			children = (
				FB5423ED20B579FF0081399C /* UITableView+Additions.swift */,
				FB5423EE20B579FF0081399C /* CellIdentifiable.swift */,
			);
			path = tableview;
			sourceTree = "<group>";
		};
		FB5423EF20B579FF0081399C /* JSONReader */ = {
			isa = PBXGroup;
			children = (
				FB5423F020B579FF0081399C /* JSONReader.swift */,
			);
			path = JSONReader;
			sourceTree = "<group>";
		};
		FB5423F120B579FF0081399C /* FileReader */ = {
			isa = PBXGroup;
			children = (
				FB5423F220B579FF0081399C /* FileReader.swift */,
			);
			path = FileReader;
			sourceTree = "<group>";
		};
		FB5423F320B579FF0081399C /* extensions */ = {
			isa = PBXGroup;
			children = (
				FB5423F420B579FF0081399C /* date */,
				FB5423F620B579FF0081399C /* formatter */,
				FB5423F820B579FF0081399C /* dictionary */,
				FB5423FB20B579FF0081399C /* view */,
				FB5423FD20B579FF0081399C /* observable */,
				FB54240020B579FF0081399C /* string */,
				FB54240220B579FF0081399C /* data */,
				FB54240420B579FF0081399C /* error */,
			);
			path = extensions;
			sourceTree = "<group>";
		};
		FB5423F420B579FF0081399C /* date */ = {
			isa = PBXGroup;
			children = (
				FB5423F520B579FF0081399C /* Date+Ext.swift */,
			);
			path = date;
			sourceTree = "<group>";
		};
		FB5423F620B579FF0081399C /* formatter */ = {
			isa = PBXGroup;
			children = (
				FB5423F720B579FF0081399C /* Formatter+Additions.swift */,
			);
			path = formatter;
			sourceTree = "<group>";
		};
		FB5423F820B579FF0081399C /* dictionary */ = {
			isa = PBXGroup;
			children = (
				FB5423F920B579FF0081399C /* Dictionary+Ext.swift */,
				FB5423FA20B579FF0081399C /* Dictionary+Additions.swift */,
			);
			path = dictionary;
			sourceTree = "<group>";
		};
		FB5423FB20B579FF0081399C /* view */ = {
			isa = PBXGroup;
			children = (
				FB5423FC20B579FF0081399C /* UIView+XibDesignable.swift */,
			);
			path = view;
			sourceTree = "<group>";
		};
		FB5423FD20B579FF0081399C /* observable */ = {
			isa = PBXGroup;
			children = (
				FB5423FE20B579FF0081399C /* Observable+Mapper.swift */,
				FB5423FF20B579FF0081399C /* Observable+Operators.swift */,
			);
			path = observable;
			sourceTree = "<group>";
		};
		FB54240020B579FF0081399C /* string */ = {
			isa = PBXGroup;
			children = (
				FB54240120B579FF0081399C /* String+Ext.swift */,
			);
			path = string;
			sourceTree = "<group>";
		};
		FB54240220B579FF0081399C /* data */ = {
			isa = PBXGroup;
			children = (
				FB54240320B579FF0081399C /* Data+Additional.swift */,
			);
			path = data;
			sourceTree = "<group>";
		};
		FB54240420B579FF0081399C /* error */ = {
			isa = PBXGroup;
			children = (
				FB54240520B579FF0081399C /* Error+Additions.swift */,
			);
			path = error;
			sourceTree = "<group>";
		};
		FB54240620B579FF0081399C /* common */ = {
			isa = PBXGroup;
			children = (
				FB54240720B579FF0081399C /* Aliases.swift */,
				FB54240820B579FF0081399C /* ALSchedulers.swift */,
				FB54240920B579FF0081399C /* AsyncOperation.swift */,
			);
			path = common;
			sourceTree = "<group>";
		};
		FB54240A20B579FF0081399C /* coredataProvider */ = {
			isa = PBXGroup;
			children = (
				FB54240B20B579FF0081399C /* CoredataProvider.swift */,
				FB54240C20B579FF0081399C /* SyncOperations.swift */,
			);
			path = coredataProvider;
			sourceTree = "<group>";
		};
/* End PBXGroup section */

/* Begin PBXNativeTarget section */
		E804E22C1FBEB086007F7DF2 /* EntitySerialization */ = {
			isa = PBXNativeTarget;
			buildConfigurationList = E804E24A1FBEB086007F7DF2 /* Build configuration list for PBXNativeTarget "EntitySerialization" */;
			buildPhases = (
				8A1402A78AF2305C7E43BCBF /* [CP] Check Pods Manifest.lock */,
				E804E2291FBEB086007F7DF2 /* Sources */,
				E804E22A1FBEB086007F7DF2 /* Frameworks */,
				E804E22B1FBEB086007F7DF2 /* Resources */,
				0263F716FEF727B3449B3648 /* [CP] Embed Pods Frameworks */,
			);
			buildRules = (
			);
			dependencies = (
			);
			name = EntitySerialization;
			productName = EntitySerialization;
			productReference = E804E22D1FBEB086007F7DF2 /* EntitySerialization.app */;
			productType = "com.apple.product-type.application";
		};
		E804E2401FBEB086007F7DF2 /* EntitySerializationTests */ = {
			isa = PBXNativeTarget;
			buildConfigurationList = E804E24D1FBEB086007F7DF2 /* Build configuration list for PBXNativeTarget "EntitySerializationTests" */;
			buildPhases = (
				E804E23D1FBEB086007F7DF2 /* Sources */,
				E804E23E1FBEB086007F7DF2 /* Frameworks */,
				E804E23F1FBEB086007F7DF2 /* Resources */,
			);
			buildRules = (
			);
			dependencies = (
				E804E2431FBEB086007F7DF2 /* PBXTargetDependency */,
			);
			name = EntitySerializationTests;
			productName = EntitySerializationTests;
			productReference = E804E2411FBEB086007F7DF2 /* EntitySerializationTests.xctest */;
			productType = "com.apple.product-type.bundle.unit-test";
		};
/* End PBXNativeTarget section */

/* Begin PBXProject section */
		E804E2251FBEB086007F7DF2 /* Project object */ = {
			isa = PBXProject;
			attributes = {
				LastSwiftUpdateCheck = 0910;
				LastUpgradeCheck = 0930;
				ORGANIZATIONNAME = "Lobanov Aleksey";
				TargetAttributes = {
					E804E22C1FBEB086007F7DF2 = {
						CreatedOnToolsVersion = 9.1;
						ProvisioningStyle = Automatic;
					};
					E804E2401FBEB086007F7DF2 = {
						CreatedOnToolsVersion = 9.1;
						ProvisioningStyle = Automatic;
						TestTargetID = E804E22C1FBEB086007F7DF2;
					};
				};
			};
			buildConfigurationList = E804E2281FBEB086007F7DF2 /* Build configuration list for PBXProject "EntitySerialization" */;
			compatibilityVersion = "Xcode 8.0";
			developmentRegion = en;
			hasScannedForEncodings = 0;
			knownRegions = (
				en,
				Base,
			);
			mainGroup = E804E2241FBEB086007F7DF2;
			productRefGroup = E804E22E1FBEB086007F7DF2 /* Products */;
			projectDirPath = "";
			projectRoot = "";
			targets = (
				E804E22C1FBEB086007F7DF2 /* EntitySerialization */,
				E804E2401FBEB086007F7DF2 /* EntitySerializationTests */,
			);
		};
/* End PBXProject section */

/* Begin PBXResourcesBuildPhase section */
		E804E22B1FBEB086007F7DF2 /* Resources */ = {
			isa = PBXResourcesBuildPhase;
			buildActionMask = 2147483647;
			files = (
				E804E23B1FBEB086007F7DF2 /* LaunchScreen.storyboard in Resources */,
				E804E2381FBEB086007F7DF2 /* Assets.xcassets in Resources */,
				E804E2361FBEB086007F7DF2 /* Main.storyboard in Resources */,
			);
			runOnlyForDeploymentPostprocessing = 0;
		};
		E804E23F1FBEB086007F7DF2 /* Resources */ = {
			isa = PBXResourcesBuildPhase;
			buildActionMask = 2147483647;
			files = (
			);
			runOnlyForDeploymentPostprocessing = 0;
		};
/* End PBXResourcesBuildPhase section */

/* Begin PBXShellScriptBuildPhase section */
		0263F716FEF727B3449B3648 /* [CP] Embed Pods Frameworks */ = {
			isa = PBXShellScriptBuildPhase;
			buildActionMask = 2147483647;
			files = (
			);
			inputPaths = (
				"${SRCROOT}/Pods/Target Support Files/Pods-EntitySerialization/Pods-EntitySerialization-frameworks.sh",
				"${BUILT_PRODUCTS_DIR}/DATAStack/DATAStack.framework",
				"${BUILT_PRODUCTS_DIR}/ObjectMapper/ObjectMapper.framework",
				"${BUILT_PRODUCTS_DIR}/RxSwift/RxSwift.framework",
				"${BUILT_PRODUCTS_DIR}/SwiftyJSON/SwiftyJSON.framework",
			);
			name = "[CP] Embed Pods Frameworks";
			outputPaths = (
				"${TARGET_BUILD_DIR}/${FRAMEWORKS_FOLDER_PATH}/DATAStack.framework",
				"${TARGET_BUILD_DIR}/${FRAMEWORKS_FOLDER_PATH}/ObjectMapper.framework",
				"${TARGET_BUILD_DIR}/${FRAMEWORKS_FOLDER_PATH}/RxSwift.framework",
				"${TARGET_BUILD_DIR}/${FRAMEWORKS_FOLDER_PATH}/SwiftyJSON.framework",
			);
			runOnlyForDeploymentPostprocessing = 0;
			shellPath = /bin/sh;
			shellScript = "\"${SRCROOT}/Pods/Target Support Files/Pods-EntitySerialization/Pods-EntitySerialization-frameworks.sh\"\n";
			showEnvVarsInLog = 0;
		};
		8A1402A78AF2305C7E43BCBF /* [CP] Check Pods Manifest.lock */ = {
			isa = PBXShellScriptBuildPhase;
			buildActionMask = 2147483647;
			files = (
			);
			inputPaths = (
				"${PODS_PODFILE_DIR_PATH}/Podfile.lock",
				"${PODS_ROOT}/Manifest.lock",
			);
			name = "[CP] Check Pods Manifest.lock";
			outputPaths = (
				"$(DERIVED_FILE_DIR)/Pods-EntitySerialization-checkManifestLockResult.txt",
			);
			runOnlyForDeploymentPostprocessing = 0;
			shellPath = /bin/sh;
			shellScript = "diff \"${PODS_PODFILE_DIR_PATH}/Podfile.lock\" \"${PODS_ROOT}/Manifest.lock\" > /dev/null\nif [ $? != 0 ] ; then\n    # print error to STDERR\n    echo \"error: The sandbox is not in sync with the Podfile.lock. Run 'pod install' or update your CocoaPods installation.\" >&2\n    exit 1\nfi\n# This output is used by Xcode 'outputs' to avoid re-running this script phase.\necho \"SUCCESS\" > \"${SCRIPT_OUTPUT_FILE_0}\"\n";
			showEnvVarsInLog = 0;
		};
/* End PBXShellScriptBuildPhase section */

/* Begin PBXSourcesBuildPhase section */
		E804E2291FBEB086007F7DF2 /* Sources */ = {
			isa = PBXSourcesBuildPhase;
			buildActionMask = 2147483647;
			files = (
				FB54240D20B579FF0081399C /* EntityMapper.swift in Sources */,
				FB54241920B579FF0081399C /* UIView+XibDesignable.swift in Sources */,
				FB54241220B579FF0081399C /* CellIdentifiable.swift in Sources */,
				FB54241620B579FF0081399C /* Formatter+Additions.swift in Sources */,
				FB54241E20B579FF0081399C /* Error+Additions.swift in Sources */,
				FB54241F20B579FF0081399C /* Aliases.swift in Sources */,
				FB54241420B579FF0081399C /* FileReader.swift in Sources */,
				FB54240F20B579FF0081399C /* EntityExporter.swift in Sources */,
				FB54242020B579FF0081399C /* ALSchedulers.swift in Sources */,
				E804E26E1FBEF1E7007F7DF2 /* Atlantis.swift in Sources */,
				E804E26C1FBEEBE8007F7DF2 /* InfoEntity+Additions.swift in Sources */,
				FB54242220B579FF0081399C /* CoredataProvider.swift in Sources */,
				E804E2331FBEB086007F7DF2 /* ViewController.swift in Sources */,
				FB54240E20B579FF0081399C /* NSManageObjectContext+Ext.swift in Sources */,
				FB54241C20B579FF0081399C /* String+Ext.swift in Sources */,
				FB54241820B579FF0081399C /* Dictionary+Additions.swift in Sources */,
				FB54241720B579FF0081399C /* Dictionary+Ext.swift in Sources */,
				FB54242120B579FF0081399C /* AsyncOperation.swift in Sources */,
				FB54241320B579FF0081399C /* JSONReader.swift in Sources */,
				FB54241520B579FF0081399C /* Date+Ext.swift in Sources */,
				FB54241020B579FF0081399C /* NSEntityDescription+Ext.swift in Sources */,
				FB54242320B579FF0081399C /* SyncOperations.swift in Sources */,
				FB54241D20B579FF0081399C /* Data+Additional.swift in Sources */,
				E804E2311FBEB086007F7DF2 /* AppDelegate.swift in Sources */,
				E804E2601FBEBE60007F7DF2 /* db.xcdatamodeld in Sources */,
				FB54241B20B579FF0081399C /* Observable+Operators.swift in Sources */,
				E804E2631FBEBE60007F7DF2 /* AbilityEntity+Additions.swift in Sources */,
				FB54241120B579FF0081399C /* UITableView+Additions.swift in Sources */,
				FB54241A20B579FF0081399C /* Observable+Mapper.swift in Sources */,
			);
			runOnlyForDeploymentPostprocessing = 0;
		};
		E804E23D1FBEB086007F7DF2 /* Sources */ = {
			isa = PBXSourcesBuildPhase;
			buildActionMask = 2147483647;
			files = (
				E804E2461FBEB086007F7DF2 /* EntitySerializationTests.swift in Sources */,
			);
			runOnlyForDeploymentPostprocessing = 0;
		};
/* End PBXSourcesBuildPhase section */

/* Begin PBXTargetDependency section */
		E804E2431FBEB086007F7DF2 /* PBXTargetDependency */ = {
			isa = PBXTargetDependency;
			target = E804E22C1FBEB086007F7DF2 /* EntitySerialization */;
			targetProxy = E804E2421FBEB086007F7DF2 /* PBXContainerItemProxy */;
		};
/* End PBXTargetDependency section */

/* Begin PBXVariantGroup section */
		E804E2341FBEB086007F7DF2 /* Main.storyboard */ = {
			isa = PBXVariantGroup;
			children = (
				E804E2351FBEB086007F7DF2 /* Base */,
			);
			name = Main.storyboard;
			sourceTree = "<group>";
		};
		E804E2391FBEB086007F7DF2 /* LaunchScreen.storyboard */ = {
			isa = PBXVariantGroup;
			children = (
				E804E23A1FBEB086007F7DF2 /* Base */,
			);
			name = LaunchScreen.storyboard;
			sourceTree = "<group>";
		};
/* End PBXVariantGroup section */

/* Begin XCBuildConfiguration section */
		E804E2481FBEB086007F7DF2 /* Debug */ = {
			isa = XCBuildConfiguration;
			buildSettings = {
				ALWAYS_SEARCH_USER_PATHS = NO;
				CLANG_ANALYZER_NONNULL = YES;
				CLANG_ANALYZER_NUMBER_OBJECT_CONVERSION = YES_AGGRESSIVE;
				CLANG_CXX_LANGUAGE_STANDARD = "gnu++14";
				CLANG_CXX_LIBRARY = "libc++";
				CLANG_ENABLE_MODULES = YES;
				CLANG_ENABLE_OBJC_ARC = YES;
				CLANG_WARN_BLOCK_CAPTURE_AUTORELEASING = YES;
				CLANG_WARN_BOOL_CONVERSION = YES;
				CLANG_WARN_COMMA = YES;
				CLANG_WARN_CONSTANT_CONVERSION = YES;
				CLANG_WARN_DEPRECATED_OBJC_IMPLEMENTATIONS = YES;
				CLANG_WARN_DIRECT_OBJC_ISA_USAGE = YES_ERROR;
				CLANG_WARN_DOCUMENTATION_COMMENTS = YES;
				CLANG_WARN_EMPTY_BODY = YES;
				CLANG_WARN_ENUM_CONVERSION = YES;
				CLANG_WARN_INFINITE_RECURSION = YES;
				CLANG_WARN_INT_CONVERSION = YES;
				CLANG_WARN_NON_LITERAL_NULL_CONVERSION = YES;
				CLANG_WARN_OBJC_IMPLICIT_RETAIN_SELF = YES;
				CLANG_WARN_OBJC_LITERAL_CONVERSION = YES;
				CLANG_WARN_OBJC_ROOT_CLASS = YES_ERROR;
				CLANG_WARN_RANGE_LOOP_ANALYSIS = YES;
				CLANG_WARN_STRICT_PROTOTYPES = YES;
				CLANG_WARN_SUSPICIOUS_MOVE = YES;
				CLANG_WARN_UNGUARDED_AVAILABILITY = YES_AGGRESSIVE;
				CLANG_WARN_UNREACHABLE_CODE = YES;
				CLANG_WARN__DUPLICATE_METHOD_MATCH = YES;
				CODE_SIGN_IDENTITY = "iPhone Developer";
				COPY_PHASE_STRIP = NO;
				DEBUG_INFORMATION_FORMAT = dwarf;
				ENABLE_STRICT_OBJC_MSGSEND = YES;
				ENABLE_TESTABILITY = YES;
				GCC_C_LANGUAGE_STANDARD = gnu11;
				GCC_DYNAMIC_NO_PIC = NO;
				GCC_NO_COMMON_BLOCKS = YES;
				GCC_OPTIMIZATION_LEVEL = 0;
				GCC_PREPROCESSOR_DEFINITIONS = (
					"DEBUG=1",
					"$(inherited)",
				);
				GCC_WARN_64_TO_32_BIT_CONVERSION = YES;
				GCC_WARN_ABOUT_RETURN_TYPE = YES_ERROR;
				GCC_WARN_UNDECLARED_SELECTOR = YES;
				GCC_WARN_UNINITIALIZED_AUTOS = YES_AGGRESSIVE;
				GCC_WARN_UNUSED_FUNCTION = YES;
				GCC_WARN_UNUSED_VARIABLE = YES;
				IPHONEOS_DEPLOYMENT_TARGET = 11.1;
				MTL_ENABLE_DEBUG_INFO = YES;
				ONLY_ACTIVE_ARCH = YES;
				SDKROOT = iphoneos;
				SWIFT_ACTIVE_COMPILATION_CONDITIONS = DEBUG;
				SWIFT_OPTIMIZATION_LEVEL = "-Onone";
			};
			name = Debug;
		};
		E804E2491FBEB086007F7DF2 /* Release */ = {
			isa = XCBuildConfiguration;
			buildSettings = {
				ALWAYS_SEARCH_USER_PATHS = NO;
				CLANG_ANALYZER_NONNULL = YES;
				CLANG_ANALYZER_NUMBER_OBJECT_CONVERSION = YES_AGGRESSIVE;
				CLANG_CXX_LANGUAGE_STANDARD = "gnu++14";
				CLANG_CXX_LIBRARY = "libc++";
				CLANG_ENABLE_MODULES = YES;
				CLANG_ENABLE_OBJC_ARC = YES;
				CLANG_WARN_BLOCK_CAPTURE_AUTORELEASING = YES;
				CLANG_WARN_BOOL_CONVERSION = YES;
				CLANG_WARN_COMMA = YES;
				CLANG_WARN_CONSTANT_CONVERSION = YES;
				CLANG_WARN_DEPRECATED_OBJC_IMPLEMENTATIONS = YES;
				CLANG_WARN_DIRECT_OBJC_ISA_USAGE = YES_ERROR;
				CLANG_WARN_DOCUMENTATION_COMMENTS = YES;
				CLANG_WARN_EMPTY_BODY = YES;
				CLANG_WARN_ENUM_CONVERSION = YES;
				CLANG_WARN_INFINITE_RECURSION = YES;
				CLANG_WARN_INT_CONVERSION = YES;
				CLANG_WARN_NON_LITERAL_NULL_CONVERSION = YES;
				CLANG_WARN_OBJC_IMPLICIT_RETAIN_SELF = YES;
				CLANG_WARN_OBJC_LITERAL_CONVERSION = YES;
				CLANG_WARN_OBJC_ROOT_CLASS = YES_ERROR;
				CLANG_WARN_RANGE_LOOP_ANALYSIS = YES;
				CLANG_WARN_STRICT_PROTOTYPES = YES;
				CLANG_WARN_SUSPICIOUS_MOVE = YES;
				CLANG_WARN_UNGUARDED_AVAILABILITY = YES_AGGRESSIVE;
				CLANG_WARN_UNREACHABLE_CODE = YES;
				CLANG_WARN__DUPLICATE_METHOD_MATCH = YES;
				CODE_SIGN_IDENTITY = "iPhone Developer";
				COPY_PHASE_STRIP = NO;
				DEBUG_INFORMATION_FORMAT = "dwarf-with-dsym";
				ENABLE_NS_ASSERTIONS = NO;
				ENABLE_STRICT_OBJC_MSGSEND = YES;
				GCC_C_LANGUAGE_STANDARD = gnu11;
				GCC_NO_COMMON_BLOCKS = YES;
				GCC_WARN_64_TO_32_BIT_CONVERSION = YES;
				GCC_WARN_ABOUT_RETURN_TYPE = YES_ERROR;
				GCC_WARN_UNDECLARED_SELECTOR = YES;
				GCC_WARN_UNINITIALIZED_AUTOS = YES_AGGRESSIVE;
				GCC_WARN_UNUSED_FUNCTION = YES;
				GCC_WARN_UNUSED_VARIABLE = YES;
				IPHONEOS_DEPLOYMENT_TARGET = 11.1;
				MTL_ENABLE_DEBUG_INFO = NO;
				SDKROOT = iphoneos;
				SWIFT_OPTIMIZATION_LEVEL = "-Owholemodule";
				VALIDATE_PRODUCT = YES;
			};
			name = Release;
		};
		E804E24B1FBEB086007F7DF2 /* Debug */ = {
			isa = XCBuildConfiguration;
			baseConfigurationReference = 8A3AB95A1136D6C88148015D /* Pods-EntitySerialization.debug.xcconfig */;
			buildSettings = {
				ASSETCATALOG_COMPILER_APPICON_NAME = AppIcon;
				CODE_SIGN_STYLE = Automatic;
				DEVELOPMENT_TEAM = "";
				INFOPLIST_FILE = EntitySerialization/Info.plist;
				IPHONEOS_DEPLOYMENT_TARGET = 9.0;
				LD_RUNPATH_SEARCH_PATHS = "$(inherited) @executable_path/Frameworks";
				PRODUCT_BUNDLE_IDENTIFIER = ru.lobanov.EntitySerialization;
				PRODUCT_NAME = "$(TARGET_NAME)";
				SWIFT_VERSION = 4.0;
				TARGETED_DEVICE_FAMILY = "1,2";
			};
			name = Debug;
		};
		E804E24C1FBEB086007F7DF2 /* Release */ = {
			isa = XCBuildConfiguration;
			baseConfigurationReference = C338F156DF82BCDCDD556451 /* Pods-EntitySerialization.release.xcconfig */;
			buildSettings = {
				ASSETCATALOG_COMPILER_APPICON_NAME = AppIcon;
				CODE_SIGN_STYLE = Automatic;
				DEVELOPMENT_TEAM = "";
				INFOPLIST_FILE = EntitySerialization/Info.plist;
				IPHONEOS_DEPLOYMENT_TARGET = 9.0;
				LD_RUNPATH_SEARCH_PATHS = "$(inherited) @executable_path/Frameworks";
				PRODUCT_BUNDLE_IDENTIFIER = ru.lobanov.EntitySerialization;
				PRODUCT_NAME = "$(TARGET_NAME)";
				SWIFT_VERSION = 4.0;
				TARGETED_DEVICE_FAMILY = "1,2";
			};
			name = Release;
		};
		E804E24E1FBEB086007F7DF2 /* Debug */ = {
			isa = XCBuildConfiguration;
			buildSettings = {
				ALWAYS_EMBED_SWIFT_STANDARD_LIBRARIES = YES;
				BUNDLE_LOADER = "$(TEST_HOST)";
				CODE_SIGN_STYLE = Automatic;
				DEVELOPMENT_TEAM = D9W2XCDBH5;
				INFOPLIST_FILE = EntitySerializationTests/Info.plist;
				LD_RUNPATH_SEARCH_PATHS = "$(inherited) @executable_path/Frameworks @loader_path/Frameworks";
				PRODUCT_BUNDLE_IDENTIFIER = ru.lobanov.EntitySerializationTests;
				PRODUCT_NAME = "$(TARGET_NAME)";
				SWIFT_VERSION = 4.0;
				TARGETED_DEVICE_FAMILY = "1,2";
				TEST_HOST = "$(BUILT_PRODUCTS_DIR)/EntitySerialization.app/EntitySerialization";
			};
			name = Debug;
		};
		E804E24F1FBEB086007F7DF2 /* Release */ = {
			isa = XCBuildConfiguration;
			buildSettings = {
				ALWAYS_EMBED_SWIFT_STANDARD_LIBRARIES = YES;
				BUNDLE_LOADER = "$(TEST_HOST)";
				CODE_SIGN_STYLE = Automatic;
				DEVELOPMENT_TEAM = D9W2XCDBH5;
				INFOPLIST_FILE = EntitySerializationTests/Info.plist;
				LD_RUNPATH_SEARCH_PATHS = "$(inherited) @executable_path/Frameworks @loader_path/Frameworks";
				PRODUCT_BUNDLE_IDENTIFIER = ru.lobanov.EntitySerializationTests;
				PRODUCT_NAME = "$(TARGET_NAME)";
				SWIFT_VERSION = 4.0;
				TARGETED_DEVICE_FAMILY = "1,2";
				TEST_HOST = "$(BUILT_PRODUCTS_DIR)/EntitySerialization.app/EntitySerialization";
			};
			name = Release;
		};
/* End XCBuildConfiguration section */

/* Begin XCConfigurationList section */
		E804E2281FBEB086007F7DF2 /* Build configuration list for PBXProject "EntitySerialization" */ = {
			isa = XCConfigurationList;
			buildConfigurations = (
				E804E2481FBEB086007F7DF2 /* Debug */,
				E804E2491FBEB086007F7DF2 /* Release */,
			);
			defaultConfigurationIsVisible = 0;
			defaultConfigurationName = Release;
		};
		E804E24A1FBEB086007F7DF2 /* Build configuration list for PBXNativeTarget "EntitySerialization" */ = {
			isa = XCConfigurationList;
			buildConfigurations = (
				E804E24B1FBEB086007F7DF2 /* Debug */,
				E804E24C1FBEB086007F7DF2 /* Release */,
			);
			defaultConfigurationIsVisible = 0;
			defaultConfigurationName = Release;
		};
		E804E24D1FBEB086007F7DF2 /* Build configuration list for PBXNativeTarget "EntitySerializationTests" */ = {
			isa = XCConfigurationList;
			buildConfigurations = (
				E804E24E1FBEB086007F7DF2 /* Debug */,
				E804E24F1FBEB086007F7DF2 /* Release */,
			);
			defaultConfigurationIsVisible = 0;
			defaultConfigurationName = Release;
		};
/* End XCConfigurationList section */

/* Begin XCVersionGroup section */
		E804E25A1FBEBE60007F7DF2 /* db.xcdatamodeld */ = {
			isa = XCVersionGroup;
			children = (
				E804E25B1FBEBE60007F7DF2 /* DatabaseSyncRx.xcdatamodel */,
			);
			currentVersion = E804E25B1FBEBE60007F7DF2 /* DatabaseSyncRx.xcdatamodel */;
			path = db.xcdatamodeld;
			sourceTree = "<group>";
			versionGroupType = wrapper.xcdatamodel;
		};
/* End XCVersionGroup section */
	};
	rootObject = E804E2251FBEB086007F7DF2 /* Project object */;
}
